
Microsoft Visual Studio Solution File, Format Version 12.00
# Visual Studio Version 17
VisualStudioVersion = 17.4.33205.214
MinimumVisualStudioVersion = 10.0.40219.1
Project("{9A19103F-16F7-4668-BE54-9A1E7A4F7556}") = "ForumServiceDevelopment", "Services\ForumServiceDevelopment\ForumServiceDevelopment.csproj", "{6F2CF912-8E0D-482E-AF9F-5728E204B182}"
EndProject
Project("{9A19103F-16F7-4668-BE54-9A1E7A4F7556}") = "AuthorizationServiceDevelopment", "Services\AuthorizationServiceDevelopment\AuthorizationServiceDevelopment.csproj", "{0112A14F-93ED-4F25-BB82-38A2BB471944}"
EndProject
Project("{9A19103F-16F7-4668-BE54-9A1E7A4F7556}") = "APIGatewayServiceDevelopment", "Services\APIGatewayServiceDevelopment\APIGatewayServiceDevelopment.csproj", "{1F060C4D-D553-4E2F-BC1A-B951FA6991C4}"
EndProject
Project("{2150E333-8FDC-42A3-9474-1A3956D46DE8}") = "Services", "Services", "{64839655-FF13-4188-82BF-C0B596778A8E}"
EndProject
Project("{54A90642-561A-4BB1-A94E-469ADEE60C69}") = "ClientReact", "ClientReact\ClientReact.esproj", "{76EED554-2DD5-4961-B4E5-C6A418216F9B}"
EndProject
Global
	GlobalSection(SolutionConfigurationPlatforms) = preSolution
		Debug|Any CPU = Debug|Any CPU
		Release|Any CPU = Release|Any CPU
	EndGlobalSection
	GlobalSection(ProjectConfigurationPlatforms) = postSolution
		{6F2CF912-8E0D-482E-AF9F-5728E204B182}.Debug|Any CPU.ActiveCfg = Debug|Any CPU
		{6F2CF912-8E0D-482E-AF9F-5728E204B182}.Debug|Any CPU.Build.0 = Debug|Any CPU
		{6F2CF912-8E0D-482E-AF9F-5728E204B182}.Release|Any CPU.ActiveCfg = Release|Any CPU
		{6F2CF912-8E0D-482E-AF9F-5728E204B182}.Release|Any CPU.Build.0 = Release|Any CPU
		{0112A14F-93ED-4F25-BB82-38A2BB471944}.Debug|Any CPU.ActiveCfg = Debug|Any CPU
		{0112A14F-93ED-4F25-BB82-38A2BB471944}.Debug|Any CPU.Build.0 = Debug|Any CPU
		{0112A14F-93ED-4F25-BB82-38A2BB471944}.Release|Any CPU.ActiveCfg = Release|Any CPU
		{0112A14F-93ED-4F25-BB82-38A2BB471944}.Release|Any CPU.Build.0 = Release|Any CPU
		{1F060C4D-D553-4E2F-BC1A-B951FA6991C4}.Debug|Any CPU.ActiveCfg = Debug|Any CPU
		{1F060C4D-D553-4E2F-BC1A-B951FA6991C4}.Debug|Any CPU.Build.0 = Debug|Any CPU
		{1F060C4D-D553-4E2F-BC1A-B951FA6991C4}.Release|Any CPU.ActiveCfg = Release|Any CPU
		{1F060C4D-D553-4E2F-BC1A-B951FA6991C4}.Release|Any CPU.Build.0 = Release|Any CPU
		{76EED554-2DD5-4961-B4E5-C6A418216F9B}.Debug|Any CPU.ActiveCfg = Debug|Any CPU
		{76EED554-2DD5-4961-B4E5-C6A418216F9B}.Debug|Any CPU.Build.0 = Debug|Any CPU
		{76EED554-2DD5-4961-B4E5-C6A418216F9B}.Debug|Any CPU.Deploy.0 = Debug|Any CPU
		{76EED554-2DD5-4961-B4E5-C6A418216F9B}.Release|Any CPU.ActiveCfg = Release|Any CPU
		{76EED554-2DD5-4961-B4E5-C6A418216F9B}.Release|Any CPU.Build.0 = Release|Any CPU
		{76EED554-2DD5-4961-B4E5-C6A418216F9B}.Release|Any CPU.Deploy.0 = Release|Any CPU
	EndGlobalSection
	GlobalSection(SolutionProperties) = preSolution
		HideSolutionNode = FALSE
	EndGlobalSection
	GlobalSection(NestedProjects) = preSolution
		{6F2CF912-8E0D-482E-AF9F-5728E204B182} = {64839655-FF13-4188-82BF-C0B596778A8E}
		{0112A14F-93ED-4F25-BB82-38A2BB471944} = {64839655-FF13-4188-82BF-C0B596778A8E}
		{1F060C4D-D553-4E2F-BC1A-B951FA6991C4} = {64839655-FF13-4188-82BF-C0B596778A8E}
	EndGlobalSection
	GlobalSection(ExtensibilityGlobals) = postSolution
		SolutionGuid = {363D84EE-D5C6-4D37-81D9-F5E5B2FBF416}
	EndGlobalSection
EndGlobal
